
Microsoft Visual Studio Solution File, Format Version 12.00
# Visual Studio 15
VisualStudioVersion = 15.0.28307.2017
MinimumVisualStudioVersion = 10.0.40219.1
Project("{FAE04EC0-301F-11D3-BF4B-00C04F79EFBC}") = "Shoshado", "Shoshado\Shoshado.csproj", "{4346589A-6F3E-41CD-AA99-D4AA11677F0A}"
EndProject
Global
	GlobalSection(SolutionConfigurationPlatforms) = preSolution
		Debug|Any CPU = Debug|Any CPU
		Release|Any CPU = Release|Any CPU
	EndGlobalSection
	GlobalSection(ProjectConfigurationPlatforms) = postSolution
		{4346589A-6F3E-41CD-AA99-D4AA11677F0A}.Debug|Any CPU.ActiveCfg = Debug|Any CPU
		{4346589A-6F3E-41CD-AA99-D4AA11677F0A}.Debug|Any CPU.Build.0 = Debug|Any CPU
		{4346589A-6F3E-41CD-AA99-D4AA11677F0A}.Release|Any CPU.ActiveCfg = Release|Any CPU
		{4346589A-6F3E-41CD-AA99-D4AA11677F0A}.Release|Any CPU.Build.0 = Release|Any CPU
	EndGlobalSection
	GlobalSection(SolutionProperties) = preSolution
		HideSolutionNode = FALSE
	EndGlobalSection
	GlobalSection(ExtensibilityGlobals) = postSolution
		SolutionGuid = {0534016D-ED8B-49E1-9C84-96762E9C7ADC}
	EndGlobalSection
EndGlobal
